
Microsoft Visual Studio Solution File, Format Version 12.00
# Visual Studio Version 17
VisualStudioVersion = 17.11.35208.52
MinimumVisualStudioVersion = 10.0.40219.1
Project("{FAE04EC0-301F-11D3-BF4B-00C04F79EFBC}") = "DVLD", "DVLD.csproj", "{40A5DB06-FD39-46AD-A892-369BF53AB447}"
EndProject
Project("{FAE04EC0-301F-11D3-BF4B-00C04F79EFBC}") = "DVLD_Business", "..\DVLD_Business\DVLD_Business.csproj", "{0EA00617-C8EC-4C15-884F-394B2E1A0208}"
EndProject
Project("{FAE04EC0-301F-11D3-BF4B-00C04F79EFBC}") = "DVLD_DataAccess", "..\DVLD_DataAccess\DVLD_DataAccess.csproj", "{77A56D8A-CE3E-4012-AA9D-C62C2F3B031F}"
EndProject
Global
	GlobalSection(SolutionConfigurationPlatforms) = preSolution
		Debug|Any CPU = Debug|Any CPU
		Release|Any CPU = Release|Any CPU
	EndGlobalSection
	GlobalSection(ProjectConfigurationPlatforms) = postSolution
		{40A5DB06-FD39-46AD-A892-369BF53AB447}.Debug|Any CPU.ActiveCfg = Debug|Any CPU
		{40A5DB06-FD39-46AD-A892-369BF53AB447}.Debug|Any CPU.Build.0 = Debug|Any CPU
		{40A5DB06-FD39-46AD-A892-369BF53AB447}.Release|Any CPU.ActiveCfg = Release|Any CPU
		{40A5DB06-FD39-46AD-A892-369BF53AB447}.Release|Any CPU.Build.0 = Release|Any CPU
		{0EA00617-C8EC-4C15-884F-394B2E1A0208}.Debug|Any CPU.ActiveCfg = Debug|Any CPU
		{0EA00617-C8EC-4C15-884F-394B2E1A0208}.Debug|Any CPU.Build.0 = Debug|Any CPU
		{0EA00617-C8EC-4C15-884F-394B2E1A0208}.Release|Any CPU.ActiveCfg = Release|Any CPU
		{0EA00617-C8EC-4C15-884F-394B2E1A0208}.Release|Any CPU.Build.0 = Release|Any CPU
		{77A56D8A-CE3E-4012-AA9D-C62C2F3B031F}.Debug|Any CPU.ActiveCfg = Debug|Any CPU
		{77A56D8A-CE3E-4012-AA9D-C62C2F3B031F}.Debug|Any CPU.Build.0 = Debug|Any CPU
		{77A56D8A-CE3E-4012-AA9D-C62C2F3B031F}.Release|Any CPU.ActiveCfg = Release|Any CPU
		{77A56D8A-CE3E-4012-AA9D-C62C2F3B031F}.Release|Any CPU.Build.0 = Release|Any CPU
	EndGlobalSection
	GlobalSection(SolutionProperties) = preSolution
		HideSolutionNode = FALSE
	EndGlobalSection
	GlobalSection(ExtensibilityGlobals) = postSolution
		SolutionGuid = {C13D4BEC-84E5-45C6-947A-1D67401EB8B0}
	EndGlobalSection
EndGlobal
